
Microsoft Visual Studio Solution File, Format Version 12.00
# Visual Studio 2012
Project("{FAE04EC0-301F-11D3-BF4B-00C04F79EFBC}") = "Common.Core.Logging.LogLevels.Dev", "Common.Core.Logging.LogLevels.Dev.csproj", "{F1B1573F-9197-47BC-A72F-C71E47FC1599}"
EndProject
Global
	GlobalSection(SolutionConfigurationPlatforms) = preSolution
		Debug|Any CPU = Debug|Any CPU
		Debug|x86 = Debug|x86
		Release|Any CPU = Release|Any CPU
		Release|x86 = Release|x86
	EndGlobalSection
	GlobalSection(ProjectConfigurationPlatforms) = postSolution
		{F1B1573F-9197-47BC-A72F-C71E47FC1599}.Debug|Any CPU.ActiveCfg = Debug|Any CPU
		{F1B1573F-9197-47BC-A72F-C71E47FC1599}.Debug|Any CPU.Build.0 = Debug|Any CPU
		{F1B1573F-9197-47BC-A72F-C71E47FC1599}.Debug|x86.ActiveCfg = Debug|x86
		{F1B1573F-9197-47BC-A72F-C71E47FC1599}.Debug|x86.Build.0 = Debug|x86
		{F1B1573F-9197-47BC-A72F-C71E47FC1599}.Release|Any CPU.ActiveCfg = Release|Any CPU
		{F1B1573F-9197-47BC-A72F-C71E47FC1599}.Release|Any CPU.Build.0 = Release|Any CPU
		{F1B1573F-9197-47BC-A72F-C71E47FC1599}.Release|x86.ActiveCfg = Release|x86
		{F1B1573F-9197-47BC-A72F-C71E47FC1599}.Release|x86.Build.0 = Release|x86
	EndGlobalSection
	GlobalSection(SolutionProperties) = preSolution
		HideSolutionNode = FALSE
	EndGlobalSection
EndGlobal
